# THIS IS AN AUTOGENERATED FILE. DO NOT EDIT THIS FILE DIRECTLY.
# yarn lockfile v1


axios@^0.19.2:
  version "0.19.2"
  resolved "https://registry.yarnpkg.com/axios/-/axios-0.19.2.tgz#3ea36c5d8818d0d5f8a8a97a6d36b86cdc00cb27"
  integrity sha512-fjgm5MvRHLhx+osE2xoekY70AhARk3a6hkN+3Io1jc00jtquGvxYlKlsFUhmUET0V5te6CcZI7lcv2Ym61mjHA==
  dependencies:
    follow-redirects "1.5.10"

core-js@^3.6.4:
  version "3.6.5"
  resolved "https://registry.yarnpkg.com/core-js/-/core-js-3.6.5.tgz#7395dc273af37fb2e50e9bd3d9fe841285231d1a"
  integrity sha512-vZVEEwZoIsI+vPEuoF9Iqf5H7/M3eeQqWlQnYa8FSKKePuYTf5MWnxb5SDAzCa60b3JBRS5g9b+Dq7b1y/RCrA==

crypto-js@^3.1.6:
  version "3.3.0"
  resolved "https://registry.yarnpkg.com/crypto-js/-/crypto-js-3.3.0.tgz#846dd1cce2f68aacfa156c8578f926a609b7976b"
  integrity sha512-DIT51nX0dCfKltpRiXV+/TVZq+Qq2NgF4644+K7Ttnla7zEzqc+kjJyiB96BHNyUTBxyjzRcZYpUdZa+QAqi6Q==

debug@=3.1.0:
  version "3.1.0"
  resolved "https://registry.yarnpkg.com/debug/-/debug-3.1.0.tgz#5bb5a0672628b64149566ba16819e61518c67261"
  integrity sha512-OX8XqP7/1a9cqkxYw2yXss15f26NKWBpDXQd0/uK/KPqdQhxbPa994hnzjcE2VqQpDslf55723cKPUOGSmMY3g==
  dependencies:
    ms "2.0.0"

deepmerge@^4.2.2:
  version "4.2.2"
  resolved "https://registry.yarnpkg.com/deepmerge/-/deepmerge-4.2.2.tgz#44d2ea3679b8f4d4ffba33f03d865fc1e7bf4955"
  integrity sha512-FJ3UgI4gIl+PHZm53knsuSFpE+nESMr7M4v9QcgB7S63Kj/6WqMiFQJpBBYz1Pt+66bZpP3Q7Lye0Oo9MPKEdg==

dinero.js@^1.8.1:
  version "1.8.1"
  resolved "https://registry.yarnpkg.com/dinero.js/-/dinero.js-1.8.1.tgz#775a647629b4195af9d02f46e9b7fa1fd81e906d"
  integrity sha512-AQ09MDKonkGUrhBZZFx4tPTVcVJuHJ0VEA73LvcBoBB2eQSi1DbapeXj4wnUUpx1hVnPdyev1xPNnNMGy/Au0g==

follow-redirects@1.5.10:
  version "1.5.10"
  resolved "https://registry.yarnpkg.com/follow-redirects/-/follow-redirects-1.5.10.tgz#7b7a9f9aea2fdff36786a94ff643ed07f4ff5e2a"
  integrity sha512-0V5l4Cizzvqt5D44aTXbFZz+FtyXV1vrDN6qrelxtfYQKW0KO0W2T/hkE8xvGa/540LkZlkaUjO4ailYTFtHVQ==
  dependencies:
    debug "=3.1.0"

lodash@^4.17.19:
  version "4.17.19"
  resolved "https://registry.yarnpkg.com/lodash/-/lodash-4.17.19.tgz#e48ddedbe30b3321783c5b4301fbd353bc1e4a4b"
  integrity sha512-JNvd8XER9GQX0v2qJgsaN/mzFCNA5BRe/j8JN9d+tWyGLSodKQHKFicdwNYzWwI3wjRnaKPsGj1XkBjx/F96DQ==

lz-string@^1.4.4:
  version "1.4.4"
  resolved "https://registry.yarnpkg.com/lz-string/-/lz-string-1.4.4.tgz#c0d8eaf36059f705796e1e344811cf4c498d3a26"
  integrity sha1-wNjq82BZ9wV5bh40SBHPTEmNOiY=

ms@2.0.0:
  version "2.0.0"
  resolved "https://registry.yarnpkg.com/ms/-/ms-2.0.0.tgz#5608aeadfc00be6c2901df5f9861788de0d597c8"
  integrity sha1-VgiurfwAvmwpAd9fmGF4jeDVl8g=

secure-ls@^1.2.6:
  version "1.2.6"
  resolved "https://registry.yarnpkg.com/secure-ls/-/secure-ls-1.2.6.tgz#0c54a4c7fa8317c3c101accbf6bb38d8d2072e46"
  integrity sha512-g8vUSKl6elSfyAUHodybnNkuZW+mUYEOWj4SZIDg+xoQ1dq5ddktBoOFrtxQBUl88ZyAJOtGWQ1PRaOxkTAuZQ==
  dependencies:
    crypto-js "^3.1.6"
    lz-string "^1.4.4"

shvl@^2.0.0:
  version "2.0.0"
  resolved "https://registry.yarnpkg.com/shvl/-/shvl-2.0.0.tgz#55fd550b6e81bf7574f2f576b8b5c1ffae74e10f"
  integrity sha512-WbpzSvI5XgVGJ3A4ySGe8hBxj0JgJktfnoLhhJmvITDdK21WPVWwgG8GPlYEh4xqdti3Ff7PJ5G0QrRAjNS0Ig==

url-search-params-polyfill@^8.1.0:
  version "8.1.1"
  resolved "https://registry.yarnpkg.com/url-search-params-polyfill/-/url-search-params-polyfill-8.1.1.tgz#9e69e4dba300a71ae7ad3cead62c7717fd99329f"
  integrity sha512-KmkCs6SjE6t4ihrfW9JelAPQIIIFbJweaaSLTh/4AO+c58JlDcb+GbdPt8yr5lRcFg4rPswRFRRhBGpWwh0K/Q==

vue-gtag@1.16.1:
  version "1.16.1"
  resolved "https://registry.yarnpkg.com/vue-gtag/-/vue-gtag-1.16.1.tgz#edb2f20ab4f6c4d4d372dfecf8c1fcc8ab890181"
  integrity sha512-5vs0pSGxdqrfXqN1Qwt0ZFXG0iTYjRMu/saddc7QIC5yp+DKgjWQRpGYVa7Pq+KbThxwzzMfo0sGi7ISa6NowA==

vue-gtm@3.5.0-vue2:
  version "3.5.0-vue2"
  resolved "https://registry.yarnpkg.com/vue-gtm/-/vue-gtm-3.5.0-vue2.tgz#a0ad7ba0923cd009bbd4ecf2653b961faa36b667"
  integrity sha512-XuOCkRaoGQjChcY9Tn7TAziR2/ppWwwJQhC/Xh8t/DZjo6MC7QsOVTw9Wr8XDyyHAW8qR41ZnaBbo5IAi4b/Fw==
  dependencies:
    url-search-params-polyfill "^8.1.0"

vue-meta@^2.3.3:
  version "2.3.3"
  resolved "https://registry.yarnpkg.com/vue-meta/-/vue-meta-2.3.3.tgz#2a097f62817204b0da78be4d62aee0cb566eaee0"
  integrity sha512-FmeekLkd5+BI7NFBnU4bEnTpVZqmu3q8ztW4R4U3GBQljgDM7QAuwMXs8/aJP0U1tjtxobX8T6HcyZXimGj1DQ==
  dependencies:
    deepmerge "^4.2.2"

vue-the-mask@^0.11.1:
  version "0.11.1"
  resolved "https://registry.yarnpkg.com/vue-the-mask/-/vue-the-mask-0.11.1.tgz#91ee01008354ae57bccc79bb61b65f32d971d9d5"
  integrity sha512-UquSfnSWejD0zAfcD+3jJ1chUAkOAyoxya9Lxh9acCRtrlmGcAIvd0cQYraWqKenbuZJUdum+S174atv2AuEHQ==

vue@^2.6.11:
  version "2.6.11"
  resolved "https://registry.yarnpkg.com/vue/-/vue-2.6.11.tgz#76594d877d4b12234406e84e35275c6d514125c5"
  integrity sha512-VfPwgcGABbGAue9+sfrD4PuwFar7gPb1yl1UK1MwXoQPAw0BKSqWfoYCT/ThFrdEVWoI51dBuyCoiNU9bZDZxQ==

vuex-persistedstate@^3.0.1:
  version "3.0.1"
  resolved "https://registry.yarnpkg.com/vuex-persistedstate/-/vuex-persistedstate-3.0.1.tgz#6eacc3c416fe8cfe63c40d3ee7b8ed13aac4f04f"
  integrity sha512-2dH77+fIecAXO8GeJEXiYnC++gx48PFGUayB5d7rWrN3fblRCOHQoVnmu/VV9DXbHHJcJth/0W/ofl8vw12j1A==
  dependencies:
    deepmerge "^4.2.2"
    shvl "^2.0.0"

vuex@^3.3.0:
  version "3.3.0"
  resolved "https://registry.yarnpkg.com/vuex/-/vuex-3.3.0.tgz#665b4630ea1347317139fcc5cb495aab3ec5e513"
  integrity sha512-1MfcBt+YFd20DPwKe0ThhYm1UEXZya4gVKUvCy7AtS11YAOUR+9a6u4fsv1Rr6ePZCDNxW/M1zuIaswp6nNv8Q==
